
Microsoft Visual Studio Solution File, Format Version 12.00
# Visual Studio Version 16
VisualStudioVersion = 16.0.30611.23
MinimumVisualStudioVersion = 10.0.40219.1
Project("{FAE04EC0-301F-11D3-BF4B-00C04F79EFBC}") = "Practice-Lists", "Practice-Lists\Practice-Lists.csproj", "{F3214F30-338C-4D5B-A8D0-D3511B011DB6}"
EndProject
Global
	GlobalSection(SolutionConfigurationPlatforms) = preSolution
		Debug|Any CPU = Debug|Any CPU
		Release|Any CPU = Release|Any CPU
	EndGlobalSection
	GlobalSection(ProjectConfigurationPlatforms) = postSolution
		{F3214F30-338C-4D5B-A8D0-D3511B011DB6}.Debug|Any CPU.ActiveCfg = Debug|Any CPU
		{F3214F30-338C-4D5B-A8D0-D3511B011DB6}.Debug|Any CPU.Build.0 = Debug|Any CPU
		{F3214F30-338C-4D5B-A8D0-D3511B011DB6}.Release|Any CPU.ActiveCfg = Release|Any CPU
		{F3214F30-338C-4D5B-A8D0-D3511B011DB6}.Release|Any CPU.Build.0 = Release|Any CPU
	EndGlobalSection
	GlobalSection(SolutionProperties) = preSolution
		HideSolutionNode = FALSE
	EndGlobalSection
	GlobalSection(ExtensibilityGlobals) = postSolution
		SolutionGuid = {64C6753D-5B8A-4CED-A0B8-872167D1395E}
	EndGlobalSection
EndGlobal
